// !$*UTF8*$!
{
	archiveVersion = 1;
	classes = {
	};
	objectVersion = 48;
	objects = {

/* Begin PBXBuildFile section */
		600396863B82C4F6305093A7 /* Pods_EventLocatorUITests.framework in Frameworks */ = {isa = PBXBuildFile; fileRef = 6D3805FB89B8CDDD3584A03E /* Pods_EventLocatorUITests.framework */; };
		A4511FD820A658380046ECFC /* AppDelegate.swift in Sources */ = {isa = PBXBuildFile; fileRef = A4511FD720A658380046ECFC /* AppDelegate.swift */; };
		A4511FDA20A658380046ECFC /* ViewController.swift in Sources */ = {isa = PBXBuildFile; fileRef = A4511FD920A658380046ECFC /* ViewController.swift */; };
		A4511FDD20A658380046ECFC /* Main.storyboard in Resources */ = {isa = PBXBuildFile; fileRef = A4511FDB20A658380046ECFC /* Main.storyboard */; };
		A4511FE020A658380046ECFC /* EventLocator.xcdatamodeld in Sources */ = {isa = PBXBuildFile; fileRef = A4511FDE20A658380046ECFC /* EventLocator.xcdatamodeld */; };
		A4511FE220A658380046ECFC /* Assets.xcassets in Resources */ = {isa = PBXBuildFile; fileRef = A4511FE120A658380046ECFC /* Assets.xcassets */; };
		A4511FE520A658380046ECFC /* LaunchScreen.storyboard in Resources */ = {isa = PBXBuildFile; fileRef = A4511FE320A658380046ECFC /* LaunchScreen.storyboard */; };
		A4511FF020A658380046ECFC /* EventLocatorTests.swift in Sources */ = {isa = PBXBuildFile; fileRef = A4511FEF20A658380046ECFC /* EventLocatorTests.swift */; };
		A4511FFB20A658380046ECFC /* EventLocatorUITests.swift in Sources */ = {isa = PBXBuildFile; fileRef = A4511FFA20A658380046ECFC /* EventLocatorUITests.swift */; };
		A451200B20A6590C0046ECFC /* Classes in Resources */ = {isa = PBXBuildFile; fileRef = A451200A20A6590C0046ECFC /* Classes */; };
		A451200F20A8D5540046ECFC /* mapViewController.swift in Sources */ = {isa = PBXBuildFile; fileRef = A451200E20A8D5540046ECFC /* mapViewController.swift */; };
		F14E6B4087663916E34003FC /* Pods_EventLocatorTests.framework in Frameworks */ = {isa = PBXBuildFile; fileRef = F47678D7D876FAD60E47B77D /* Pods_EventLocatorTests.framework */; };
		F25A16F8B2564906E5FD334A /* Pods_EventLocator.framework in Frameworks */ = {isa = PBXBuildFile; fileRef = 0F79A1B14C376D015348D1E1 /* Pods_EventLocator.framework */; };
/* End PBXBuildFile section */

/* Begin PBXContainerItemProxy section */
		A4511FEC20A658380046ECFC /* PBXContainerItemProxy */ = {
			isa = PBXContainerItemProxy;
			containerPortal = A4511FCC20A658370046ECFC /* Project object */;
			proxyType = 1;
			remoteGlobalIDString = A4511FD320A658370046ECFC;
			remoteInfo = EventLocator;
		};
		A4511FF720A658380046ECFC /* PBXContainerItemProxy */ = {
			isa = PBXContainerItemProxy;
			containerPortal = A4511FCC20A658370046ECFC /* Project object */;
			proxyType = 1;
			remoteGlobalIDString = A4511FD320A658370046ECFC;
			remoteInfo = EventLocator;
		};
/* End PBXContainerItemProxy section */

/* Begin PBXFileReference section */
		0F79A1B14C376D015348D1E1 /* Pods_EventLocator.framework */ = {isa = PBXFileReference; explicitFileType = wrapper.framework; includeInIndex = 0; path = Pods_EventLocator.framework; sourceTree = BUILT_PRODUCTS_DIR; };
		51B77D65A16E571F556E3612 /* Pods-EventLocatorUITests.release.xcconfig */ = {isa = PBXFileReference; includeInIndex = 1; lastKnownFileType = text.xcconfig; name = "Pods-EventLocatorUITests.release.xcconfig"; path = "Pods/Target Support Files/Pods-EventLocatorUITests/Pods-EventLocatorUITests.release.xcconfig"; sourceTree = "<group>"; };
		5AC9B3A9595313B582F748F5 /* Pods-EventLocatorTests.release.xcconfig */ = {isa = PBXFileReference; includeInIndex = 1; lastKnownFileType = text.xcconfig; name = "Pods-EventLocatorTests.release.xcconfig"; path = "Pods/Target Support Files/Pods-EventLocatorTests/Pods-EventLocatorTests.release.xcconfig"; sourceTree = "<group>"; };
		6D3805FB89B8CDDD3584A03E /* Pods_EventLocatorUITests.framework */ = {isa = PBXFileReference; explicitFileType = wrapper.framework; includeInIndex = 0; path = Pods_EventLocatorUITests.framework; sourceTree = BUILT_PRODUCTS_DIR; };
		7BB4BE466C7AB2CE7B65D90F /* Pods-EventLocator.debug.xcconfig */ = {isa = PBXFileReference; includeInIndex = 1; lastKnownFileType = text.xcconfig; name = "Pods-EventLocator.debug.xcconfig"; path = "Pods/Target Support Files/Pods-EventLocator/Pods-EventLocator.debug.xcconfig"; sourceTree = "<group>"; };
		A4511FD420A658380046ECFC /* EventLocator.app */ = {isa = PBXFileReference; explicitFileType = wrapper.application; includeInIndex = 0; path = EventLocator.app; sourceTree = BUILT_PRODUCTS_DIR; };
		A4511FD720A658380046ECFC /* AppDelegate.swift */ = {isa = PBXFileReference; lastKnownFileType = sourcecode.swift; path = AppDelegate.swift; sourceTree = "<group>"; };
		A4511FD920A658380046ECFC /* ViewController.swift */ = {isa = PBXFileReference; lastKnownFileType = sourcecode.swift; path = ViewController.swift; sourceTree = "<group>"; };
		A4511FDC20A658380046ECFC /* Base */ = {isa = PBXFileReference; lastKnownFileType = file.storyboard; name = Base; path = Base.lproj/Main.storyboard; sourceTree = "<group>"; };
		A4511FDF20A658380046ECFC /* EventLocator.xcdatamodel */ = {isa = PBXFileReference; lastKnownFileType = wrapper.xcdatamodel; path = EventLocator.xcdatamodel; sourceTree = "<group>"; };
		A4511FE120A658380046ECFC /* Assets.xcassets */ = {isa = PBXFileReference; lastKnownFileType = folder.assetcatalog; path = Assets.xcassets; sourceTree = "<group>"; };
		A4511FE420A658380046ECFC /* Base */ = {isa = PBXFileReference; lastKnownFileType = file.storyboard; name = Base; path = Base.lproj/LaunchScreen.storyboard; sourceTree = "<group>"; };
		A4511FE620A658380046ECFC /* Info.plist */ = {isa = PBXFileReference; lastKnownFileType = text.plist.xml; path = Info.plist; sourceTree = "<group>"; };
		A4511FEB20A658380046ECFC /* EventLocatorTests.xctest */ = {isa = PBXFileReference; explicitFileType = wrapper.cfbundle; includeInIndex = 0; path = EventLocatorTests.xctest; sourceTree = BUILT_PRODUCTS_DIR; };
		A4511FEF20A658380046ECFC /* EventLocatorTests.swift */ = {isa = PBXFileReference; lastKnownFileType = sourcecode.swift; path = EventLocatorTests.swift; sourceTree = "<group>"; };
		A4511FF120A658380046ECFC /* Info.plist */ = {isa = PBXFileReference; lastKnownFileType = text.plist.xml; path = Info.plist; sourceTree = "<group>"; };
		A4511FF620A658380046ECFC /* EventLocatorUITests.xctest */ = {isa = PBXFileReference; explicitFileType = wrapper.cfbundle; includeInIndex = 0; path = EventLocatorUITests.xctest; sourceTree = BUILT_PRODUCTS_DIR; };
		A4511FFA20A658380046ECFC /* EventLocatorUITests.swift */ = {isa = PBXFileReference; lastKnownFileType = sourcecode.swift; path = EventLocatorUITests.swift; sourceTree = "<group>"; };
		A4511FFC20A658380046ECFC /* Info.plist */ = {isa = PBXFileReference; lastKnownFileType = text.plist.xml; path = Info.plist; sourceTree = "<group>"; };
		A451200A20A6590C0046ECFC /* Classes */ = {isa = PBXFileReference; lastKnownFileType = folder; path = Classes; sourceTree = "<group>"; };
		A451200E20A8D5540046ECFC /* mapViewController.swift */ = {isa = PBXFileReference; fileEncoding = 4; lastKnownFileType = sourcecode.swift; path = mapViewController.swift; sourceTree = "<group>"; };
		AADBA8F175117CDB2B437239 /* Pods-EventLocator.release.xcconfig */ = {isa = PBXFileReference; includeInIndex = 1; lastKnownFileType = text.xcconfig; name = "Pods-EventLocator.release.xcconfig"; path = "Pods/Target Support Files/Pods-EventLocator/Pods-EventLocator.release.xcconfig"; sourceTree = "<group>"; };
		D79F24A706B4589454B9260B /* Pods-EventLocatorTests.debug.xcconfig */ = {isa = PBXFileReference; includeInIndex = 1; lastKnownFileType = text.xcconfig; name = "Pods-EventLocatorTests.debug.xcconfig"; path = "Pods/Target Support Files/Pods-EventLocatorTests/Pods-EventLocatorTests.debug.xcconfig"; sourceTree = "<group>"; };
		EC9EBFC75A28D48B1E823F9B /* Pods-EventLocatorUITests.debug.xcconfig */ = {isa = PBXFileReference; includeInIndex = 1; lastKnownFileType = text.xcconfig; name = "Pods-EventLocatorUITests.debug.xcconfig"; path = "Pods/Target Support Files/Pods-EventLocatorUITests/Pods-EventLocatorUITests.debug.xcconfig"; sourceTree = "<group>"; };
		F47678D7D876FAD60E47B77D /* Pods_EventLocatorTests.framework */ = {isa = PBXFileReference; explicitFileType = wrapper.framework; includeInIndex = 0; path = Pods_EventLocatorTests.framework; sourceTree = BUILT_PRODUCTS_DIR; };
/* End PBXFileReference section */

/* Begin PBXFrameworksBuildPhase section */
		A4511FD120A658370046ECFC /* Frameworks */ = {
			isa = PBXFrameworksBuildPhase;
			buildActionMask = 2147483647;
			files = (
				F25A16F8B2564906E5FD334A /* Pods_EventLocator.framework in Frameworks */,
			);
			runOnlyForDeploymentPostprocessing = 0;
		};
		A4511FE820A658380046ECFC /* Frameworks */ = {
			isa = PBXFrameworksBuildPhase;
			buildActionMask = 2147483647;
			files = (
				F14E6B4087663916E34003FC /* Pods_EventLocatorTests.framework in Frameworks */,
			);
			runOnlyForDeploymentPostprocessing = 0;
		};
		A4511FF320A658380046ECFC /* Frameworks */ = {
			isa = PBXFrameworksBuildPhase;
			buildActionMask = 2147483647;
			files = (
				600396863B82C4F6305093A7 /* Pods_EventLocatorUITests.framework in Frameworks */,
			);
			runOnlyForDeploymentPostprocessing = 0;
		};
/* End PBXFrameworksBuildPhase section */

/* Begin PBXGroup section */
		4A9C4FECECD98638A65309C1 /* Frameworks */ = {
			isa = PBXGroup;
			children = (
				0F79A1B14C376D015348D1E1 /* Pods_EventLocator.framework */,
				F47678D7D876FAD60E47B77D /* Pods_EventLocatorTests.framework */,
				6D3805FB89B8CDDD3584A03E /* Pods_EventLocatorUITests.framework */,
			);
			name = Frameworks;
			sourceTree = "<group>";
		};
		A4511FCB20A658370046ECFC = {
			isa = PBXGroup;
			children = (
				A4511FD620A658380046ECFC /* EventLocator */,
				A4511FEE20A658380046ECFC /* EventLocatorTests */,
				A4511FF920A658380046ECFC /* EventLocatorUITests */,
				A4511FD520A658380046ECFC /* Products */,
				D7BB50E5B572E5FBFA5E75CB /* Pods */,
				4A9C4FECECD98638A65309C1 /* Frameworks */,
			);
			sourceTree = "<group>";
		};
		A4511FD520A658380046ECFC /* Products */ = {
			isa = PBXGroup;
			children = (
				A4511FD420A658380046ECFC /* EventLocator.app */,
				A4511FEB20A658380046ECFC /* EventLocatorTests.xctest */,
				A4511FF620A658380046ECFC /* EventLocatorUITests.xctest */,
			);
			name = Products;
			sourceTree = "<group>";
		};
		A4511FD620A658380046ECFC /* EventLocator */ = {
			isa = PBXGroup;
			children = (
				A4511FD720A658380046ECFC /* AppDelegate.swift */,
				A451200E20A8D5540046ECFC /* mapViewController.swift */,
				A4511FD920A658380046ECFC /* ViewController.swift */,
				A4511FDB20A658380046ECFC /* Main.storyboard */,
				A4511FE120A658380046ECFC /* Assets.xcassets */,
				A451200A20A6590C0046ECFC /* Classes */,
				A4511FE320A658380046ECFC /* LaunchScreen.storyboard */,
				A4511FE620A658380046ECFC /* Info.plist */,
				A4511FDE20A658380046ECFC /* EventLocator.xcdatamodeld */,
			);
			path = EventLocator;
			sourceTree = "<group>";
		};
		A4511FEE20A658380046ECFC /* EventLocatorTests */ = {
			isa = PBXGroup;
			children = (
				A4511FEF20A658380046ECFC /* EventLocatorTests.swift */,
				A4511FF120A658380046ECFC /* Info.plist */,
			);
			path = EventLocatorTests;
			sourceTree = "<group>";
		};
		A4511FF920A658380046ECFC /* EventLocatorUITests */ = {
			isa = PBXGroup;
			children = (
				A4511FFA20A658380046ECFC /* EventLocatorUITests.swift */,
				A4511FFC20A658380046ECFC /* Info.plist */,
			);
			path = EventLocatorUITests;
			sourceTree = "<group>";
		};
		D7BB50E5B572E5FBFA5E75CB /* Pods */ = {
			isa = PBXGroup;
			children = (
				7BB4BE466C7AB2CE7B65D90F /* Pods-EventLocator.debug.xcconfig */,
				AADBA8F175117CDB2B437239 /* Pods-EventLocator.release.xcconfig */,
				D79F24A706B4589454B9260B /* Pods-EventLocatorTests.debug.xcconfig */,
				5AC9B3A9595313B582F748F5 /* Pods-EventLocatorTests.release.xcconfig */,
				EC9EBFC75A28D48B1E823F9B /* Pods-EventLocatorUITests.debug.xcconfig */,
				51B77D65A16E571F556E3612 /* Pods-EventLocatorUITests.release.xcconfig */,
			);
			name = Pods;
			sourceTree = "<group>";
		};
/* End PBXGroup section */

/* Begin PBXNativeTarget section */
		A4511FD320A658370046ECFC /* EventLocator */ = {
			isa = PBXNativeTarget;
			buildConfigurationList = A4511FFF20A658380046ECFC /* Build configuration list for PBXNativeTarget "EventLocator" */;
			buildPhases = (
				6833EAE3CA75E3605013B98F /* [CP] Check Pods Manifest.lock */,
				A4511FD020A658370046ECFC /* Sources */,
				A4511FD120A658370046ECFC /* Frameworks */,
				A4511FD220A658370046ECFC /* Resources */,
				7E56C176979DCA367B919C1A /* [CP] Copy Pods Resources */,
			);
			buildRules = (
			);
			dependencies = (
			);
			name = EventLocator;
			productName = EventLocator;
			productReference = A4511FD420A658380046ECFC /* EventLocator.app */;
			productType = "com.apple.product-type.application";
		};
		A4511FEA20A658380046ECFC /* EventLocatorTests */ = {
			isa = PBXNativeTarget;
			buildConfigurationList = A451200220A658380046ECFC /* Build configuration list for PBXNativeTarget "EventLocatorTests" */;
			buildPhases = (
				FA2CE0C6E4EF6E7E931F1B61 /* [CP] Check Pods Manifest.lock */,
				A4511FE720A658380046ECFC /* Sources */,
				A4511FE820A658380046ECFC /* Frameworks */,
				A4511FE920A658380046ECFC /* Resources */,
			);
			buildRules = (
			);
			dependencies = (
				A4511FED20A658380046ECFC /* PBXTargetDependency */,
			);
			name = EventLocatorTests;
			productName = EventLocatorTests;
			productReference = A4511FEB20A658380046ECFC /* EventLocatorTests.xctest */;
			productType = "com.apple.product-type.bundle.unit-test";
		};
		A4511FF520A658380046ECFC /* EventLocatorUITests */ = {
			isa = PBXNativeTarget;
			buildConfigurationList = A451200520A658380046ECFC /* Build configuration list for PBXNativeTarget "EventLocatorUITests" */;
			buildPhases = (
				F759078690DEDC5B01985650 /* [CP] Check Pods Manifest.lock */,
				A4511FF220A658380046ECFC /* Sources */,
				A4511FF320A658380046ECFC /* Frameworks */,
				A4511FF420A658380046ECFC /* Resources */,
			);
			buildRules = (
			);
			dependencies = (
				A4511FF820A658380046ECFC /* PBXTargetDependency */,
			);
			name = EventLocatorUITests;
			productName = EventLocatorUITests;
			productReference = A4511FF620A658380046ECFC /* EventLocatorUITests.xctest */;
			productType = "com.apple.product-type.bundle.ui-testing";
		};
/* End PBXNativeTarget section */

/* Begin PBXProject section */
		A4511FCC20A658370046ECFC /* Project object */ = {
			isa = PBXProject;
			attributes = {
				LastSwiftUpdateCheck = 0810;
				LastUpgradeCheck = 0930;
				ORGANIZATIONNAME = "William Poole";
				TargetAttributes = {
					A4511FD320A658370046ECFC = {
						CreatedOnToolsVersion = 8.1;
						LastSwiftMigration = 0930;
						ProvisioningStyle = Automatic;
					};
					A4511FEA20A658380046ECFC = {
						CreatedOnToolsVersion = 8.1;
						LastSwiftMigration = 0930;
						ProvisioningStyle = Automatic;
						TestTargetID = A4511FD320A658370046ECFC;
					};
					A4511FF520A658380046ECFC = {
						CreatedOnToolsVersion = 8.1;
						LastSwiftMigration = 0930;
						ProvisioningStyle = Automatic;
						TestTargetID = A4511FD320A658370046ECFC;
					};
				};
			};
			buildConfigurationList = A4511FCF20A658370046ECFC /* Build configuration list for PBXProject "EventLocator" */;
			compatibilityVersion = "Xcode 8.0";
			developmentRegion = English;
			hasScannedForEncodings = 0;
			knownRegions = (
				en,
				Base,
			);
			mainGroup = A4511FCB20A658370046ECFC;
			productRefGroup = A4511FD520A658380046ECFC /* Products */;
			projectDirPath = "";
			projectRoot = "";
			targets = (
				A4511FD320A658370046ECFC /* EventLocator */,
				A4511FEA20A658380046ECFC /* EventLocatorTests */,
				A4511FF520A658380046ECFC /* EventLocatorUITests */,
			);
		};
/* End PBXProject section */

/* Begin PBXResourcesBuildPhase section */
		A4511FD220A658370046ECFC /* Resources */ = {
			isa = PBXResourcesBuildPhase;
			buildActionMask = 2147483647;
			files = (
				A4511FE520A658380046ECFC /* LaunchScreen.storyboard in Resources */,
				A451200B20A6590C0046ECFC /* Classes in Resources */,
				A4511FE220A658380046ECFC /* Assets.xcassets in Resources */,
				A4511FDD20A658380046ECFC /* Main.storyboard in Resources */,
			);
			runOnlyForDeploymentPostprocessing = 0;
		};
		A4511FE920A658380046ECFC /* Resources */ = {
			isa = PBXResourcesBuildPhase;
			buildActionMask = 2147483647;
			files = (
			);
			runOnlyForDeploymentPostprocessing = 0;
		};
		A4511FF420A658380046ECFC /* Resources */ = {
			isa = PBXResourcesBuildPhase;
			buildActionMask = 2147483647;
			files = (
			);
			runOnlyForDeploymentPostprocessing = 0;
		};
/* End PBXResourcesBuildPhase section */

/* Begin PBXShellScriptBuildPhase section */
		6833EAE3CA75E3605013B98F /* [CP] Check Pods Manifest.lock */ = {
			isa = PBXShellScriptBuildPhase;
			buildActionMask = 2147483647;
			files = (
			);
			inputPaths = (
				"${PODS_PODFILE_DIR_PATH}/Podfile.lock",
				"${PODS_ROOT}/Manifest.lock",
			);
			name = "[CP] Check Pods Manifest.lock";
			outputPaths = (
				"$(DERIVED_FILE_DIR)/Pods-EventLocator-checkManifestLockResult.txt",
			);
			runOnlyForDeploymentPostprocessing = 0;
			shellPath = /bin/sh;
			shellScript = "diff \"${PODS_PODFILE_DIR_PATH}/Podfile.lock\" \"${PODS_ROOT}/Manifest.lock\" > /dev/null\nif [ $? != 0 ] ; then\n    # print error to STDERR\n    echo \"error: The sandbox is not in sync with the Podfile.lock. Run 'pod install' or update your CocoaPods installation.\" >&2\n    exit 1\nfi\n# This output is used by Xcode 'outputs' to avoid re-running this script phase.\necho \"SUCCESS\" > \"${SCRIPT_OUTPUT_FILE_0}\"\n";
			showEnvVarsInLog = 0;
		};
		7E56C176979DCA367B919C1A /* [CP] Copy Pods Resources */ = {
			isa = PBXShellScriptBuildPhase;
			buildActionMask = 2147483647;
			files = (
			);
			inputPaths = (
				"${SRCROOT}/Pods/Target Support Files/Pods-EventLocator/Pods-EventLocator-resources.sh",
				"${PODS_ROOT}/GoogleMaps/Maps/Frameworks/GoogleMaps.framework/Resources/GoogleMaps.bundle",
				"${PODS_ROOT}/GooglePlaces/Frameworks/GooglePlaces.framework/Resources/GooglePlaces.bundle",
			);
			name = "[CP] Copy Pods Resources";
			outputPaths = (
				"${TARGET_BUILD_DIR}/${UNLOCALIZED_RESOURCES_FOLDER_PATH}/GoogleMaps.bundle",
				"${TARGET_BUILD_DIR}/${UNLOCALIZED_RESOURCES_FOLDER_PATH}/GooglePlaces.bundle",
			);
			runOnlyForDeploymentPostprocessing = 0;
			shellPath = /bin/sh;
			shellScript = "\"${SRCROOT}/Pods/Target Support Files/Pods-EventLocator/Pods-EventLocator-resources.sh\"\n";
			showEnvVarsInLog = 0;
		};
		F759078690DEDC5B01985650 /* [CP] Check Pods Manifest.lock */ = {
			isa = PBXShellScriptBuildPhase;
			buildActionMask = 2147483647;
			files = (
			);
			inputPaths = (
				"${PODS_PODFILE_DIR_PATH}/Podfile.lock",
				"${PODS_ROOT}/Manifest.lock",
			);
			name = "[CP] Check Pods Manifest.lock";
			outputPaths = (
				"$(DERIVED_FILE_DIR)/Pods-EventLocatorUITests-checkManifestLockResult.txt",
			);
			runOnlyForDeploymentPostprocessing = 0;
			shellPath = /bin/sh;
			shellScript = "diff \"${PODS_PODFILE_DIR_PATH}/Podfile.lock\" \"${PODS_ROOT}/Manifest.lock\" > /dev/null\nif [ $? != 0 ] ; then\n    # print error to STDERR\n    echo \"error: The sandbox is not in sync with the Podfile.lock. Run 'pod install' or update your CocoaPods installation.\" >&2\n    exit 1\nfi\n# This output is used by Xcode 'outputs' to avoid re-running this script phase.\necho \"SUCCESS\" > \"${SCRIPT_OUTPUT_FILE_0}\"\n";
			showEnvVarsInLog = 0;
		};
		FA2CE0C6E4EF6E7E931F1B61 /* [CP] Check Pods Manifest.lock */ = {
			isa = PBXShellScriptBuildPhase;
			buildActionMask = 2147483647;
			files = (
			);
			inputPaths = (
				"${PODS_PODFILE_DIR_PATH}/Podfile.lock",
				"${PODS_ROOT}/Manifest.lock",
			);
			name = "[CP] Check Pods Manifest.lock";
			outputPaths = (
				"$(DERIVED_FILE_DIR)/Pods-EventLocatorTests-checkManifestLockResult.txt",
			);
			runOnlyForDeploymentPostprocessing = 0;
			shellPath = /bin/sh;
			shellScript = "diff \"${PODS_PODFILE_DIR_PATH}/Podfile.lock\" \"${PODS_ROOT}/Manifest.lock\" > /dev/null\nif [ $? != 0 ] ; then\n    # print error to STDERR\n    echo \"error: The sandbox is not in sync with the Podfile.lock. Run 'pod install' or update your CocoaPods installation.\" >&2\n    exit 1\nfi\n# This output is used by Xcode 'outputs' to avoid re-running this script phase.\necho \"SUCCESS\" > \"${SCRIPT_OUTPUT_FILE_0}\"\n";
			showEnvVarsInLog = 0;
		};
/* End PBXShellScriptBuildPhase section */

/* Begin PBXSourcesBuildPhase section */
		A4511FD020A658370046ECFC /* Sources */ = {
			isa = PBXSourcesBuildPhase;
			buildActionMask = 2147483647;
			files = (
				A4511FDA20A658380046ECFC /* ViewController.swift in Sources */,
				A4511FE020A658380046ECFC /* EventLocator.xcdatamodeld in Sources */,
				A4511FD820A658380046ECFC /* AppDelegate.swift in Sources */,
				A451200F20A8D5540046ECFC /* mapViewController.swift in Sources */,
			);
			runOnlyForDeploymentPostprocessing = 0;
		};
		A4511FE720A658380046ECFC /* Sources */ = {
			isa = PBXSourcesBuildPhase;
			buildActionMask = 2147483647;
			files = (
				A4511FF020A658380046ECFC /* EventLocatorTests.swift in Sources */,
			);
			runOnlyForDeploymentPostprocessing = 0;
		};
		A4511FF220A658380046ECFC /* Sources */ = {
			isa = PBXSourcesBuildPhase;
			buildActionMask = 2147483647;
			files = (
				A4511FFB20A658380046ECFC /* EventLocatorUITests.swift in Sources */,
			);
			runOnlyForDeploymentPostprocessing = 0;
		};
/* End PBXSourcesBuildPhase section */

/* Begin PBXTargetDependency section */
		A4511FED20A658380046ECFC /* PBXTargetDependency */ = {
			isa = PBXTargetDependency;
			target = A4511FD320A658370046ECFC /* EventLocator */;
			targetProxy = A4511FEC20A658380046ECFC /* PBXContainerItemProxy */;
		};
		A4511FF820A658380046ECFC /* PBXTargetDependency */ = {
			isa = PBXTargetDependency;
			target = A4511FD320A658370046ECFC /* EventLocator */;
			targetProxy = A4511FF720A658380046ECFC /* PBXContainerItemProxy */;
		};
/* End PBXTargetDependency section */

/* Begin PBXVariantGroup section */
		A4511FDB20A658380046ECFC /* Main.storyboard */ = {
			isa = PBXVariantGroup;
			children = (
				A4511FDC20A658380046ECFC /* Base */,
			);
			name = Main.storyboard;
			sourceTree = "<group>";
		};
		A4511FE320A658380046ECFC /* LaunchScreen.storyboard */ = {
			isa = PBXVariantGroup;
			children = (
				A4511FE420A658380046ECFC /* Base */,
			);
			name = LaunchScreen.storyboard;
			sourceTree = "<group>";
		};
/* End PBXVariantGroup section */

/* Begin XCBuildConfiguration section */
		A4511FFD20A658380046ECFC /* Debug */ = {
			isa = XCBuildConfiguration;
			buildSettings = {
				ALWAYS_SEARCH_USER_PATHS = NO;
				CLANG_ANALYZER_NONNULL = YES;
				CLANG_CXX_LANGUAGE_STANDARD = "gnu++0x";
				CLANG_CXX_LIBRARY = "libc++";
				CLANG_ENABLE_MODULES = YES;
				CLANG_ENABLE_OBJC_ARC = YES;
				CLANG_WARN_BLOCK_CAPTURE_AUTORELEASING = YES;
				CLANG_WARN_BOOL_CONVERSION = YES;
				CLANG_WARN_COMMA = YES;
				CLANG_WARN_CONSTANT_CONVERSION = YES;
				CLANG_WARN_DEPRECATED_OBJC_IMPLEMENTATIONS = YES;
				CLANG_WARN_DIRECT_OBJC_ISA_USAGE = YES_ERROR;
				CLANG_WARN_DOCUMENTATION_COMMENTS = YES;
				CLANG_WARN_EMPTY_BODY = YES;
				CLANG_WARN_ENUM_CONVERSION = YES;
				CLANG_WARN_INFINITE_RECURSION = YES;
				CLANG_WARN_INT_CONVERSION = YES;
				CLANG_WARN_NON_LITERAL_NULL_CONVERSION = YES;
				CLANG_WARN_OBJC_IMPLICIT_RETAIN_SELF = YES;
				CLANG_WARN_OBJC_LITERAL_CONVERSION = YES;
				CLANG_WARN_OBJC_ROOT_CLASS = YES_ERROR;
				CLANG_WARN_RANGE_LOOP_ANALYSIS = YES;
				CLANG_WARN_STRICT_PROTOTYPES = YES;
				CLANG_WARN_SUSPICIOUS_MOVE = YES;
				CLANG_WARN_SUSPICIOUS_MOVES = YES;
				CLANG_WARN_UNREACHABLE_CODE = YES;
				CLANG_WARN__DUPLICATE_METHOD_MATCH = YES;
				"CODE_SIGN_IDENTITY[sdk=iphoneos*]" = "iPhone Developer";
				COPY_PHASE_STRIP = NO;
				DEBUG_INFORMATION_FORMAT = dwarf;
				ENABLE_STRICT_OBJC_MSGSEND = YES;
				ENABLE_TESTABILITY = YES;
				GCC_C_LANGUAGE_STANDARD = gnu99;
				GCC_DYNAMIC_NO_PIC = NO;
				GCC_NO_COMMON_BLOCKS = YES;
				GCC_OPTIMIZATION_LEVEL = 0;
				GCC_PREPROCESSOR_DEFINITIONS = (
					"DEBUG=1",
					"$(inherited)",
				);
				GCC_WARN_64_TO_32_BIT_CONVERSION = YES;
				GCC_WARN_ABOUT_RETURN_TYPE = YES_ERROR;
				GCC_WARN_UNDECLARED_SELECTOR = YES;
				GCC_WARN_UNINITIALIZED_AUTOS = YES_AGGRESSIVE;
				GCC_WARN_UNUSED_FUNCTION = YES;
				GCC_WARN_UNUSED_VARIABLE = YES;
				IPHONEOS_DEPLOYMENT_TARGET = 11.3;
				MTL_ENABLE_DEBUG_INFO = YES;
				ONLY_ACTIVE_ARCH = YES;
				SDKROOT = iphoneos;
				SWIFT_ACTIVE_COMPILATION_CONDITIONS = DEBUG;
				SWIFT_OPTIMIZATION_LEVEL = "-Onone";
				TARGETED_DEVICE_FAMILY = "1,2";
			};
			name = Debug;
		};
		A4511FFE20A658380046ECFC /* Release */ = {
			isa = XCBuildConfiguration;
			buildSettings = {
				ALWAYS_SEARCH_USER_PATHS = NO;
				CLANG_ANALYZER_NONNULL = YES;
				CLANG_CXX_LANGUAGE_STANDARD = "gnu++0x";
				CLANG_CXX_LIBRARY = "libc++";
				CLANG_ENABLE_MODULES = YES;
				CLANG_ENABLE_OBJC_ARC = YES;
				CLANG_WARN_BLOCK_CAPTURE_AUTORELEASING = YES;
				CLANG_WARN_BOOL_CONVERSION = YES;
				CLANG_WARN_COMMA = YES;
				CLANG_WARN_CONSTANT_CONVERSION = YES;
				CLANG_WARN_DEPRECATED_OBJC_IMPLEMENTATIONS = YES;
				CLANG_WARN_DIRECT_OBJC_ISA_USAGE = YES_ERROR;
				CLANG_WARN_DOCUMENTATION_COMMENTS = YES;
				CLANG_WARN_EMPTY_BODY = YES;
				CLANG_WARN_ENUM_CONVERSION = YES;
				CLANG_WARN_INFINITE_RECURSION = YES;
				CLANG_WARN_INT_CONVERSION = YES;
				CLANG_WARN_NON_LITERAL_NULL_CONVERSION = YES;
				CLANG_WARN_OBJC_IMPLICIT_RETAIN_SELF = YES;
				CLANG_WARN_OBJC_LITERAL_CONVERSION = YES;
				CLANG_WARN_OBJC_ROOT_CLASS = YES_ERROR;
				CLANG_WARN_RANGE_LOOP_ANALYSIS = YES;
				CLANG_WARN_STRICT_PROTOTYPES = YES;
				CLANG_WARN_SUSPICIOUS_MOVE = YES;
				CLANG_WARN_SUSPICIOUS_MOVES = YES;
				CLANG_WARN_UNREACHABLE_CODE = YES;
				CLANG_WARN__DUPLICATE_METHOD_MATCH = YES;
				"CODE_SIGN_IDENTITY[sdk=iphoneos*]" = "iPhone Developer";
				COPY_PHASE_STRIP = NO;
				DEBUG_INFORMATION_FORMAT = "dwarf-with-dsym";
				ENABLE_NS_ASSERTIONS = NO;
				ENABLE_STRICT_OBJC_MSGSEND = YES;
				GCC_C_LANGUAGE_STANDARD = gnu99;
				GCC_NO_COMMON_BLOCKS = YES;
				GCC_WARN_64_TO_32_BIT_CONVERSION = YES;
				GCC_WARN_ABOUT_RETURN_TYPE = YES_ERROR;
				GCC_WARN_UNDECLARED_SELECTOR = YES;
				GCC_WARN_UNINITIALIZED_AUTOS = YES_AGGRESSIVE;
				GCC_WARN_UNUSED_FUNCTION = YES;
				GCC_WARN_UNUSED_VARIABLE = YES;
				IPHONEOS_DEPLOYMENT_TARGET = 11.3;
				MTL_ENABLE_DEBUG_INFO = NO;
				SDKROOT = iphoneos;
				SWIFT_OPTIMIZATION_LEVEL = "-Owholemodule";
				TARGETED_DEVICE_FAMILY = "1,2";
				VALIDATE_PRODUCT = YES;
			};
			name = Release;
		};
		A451200020A658380046ECFC /* Debug */ = {
			isa = XCBuildConfiguration;
			baseConfigurationReference = 7BB4BE466C7AB2CE7B65D90F /* Pods-EventLocator.debug.xcconfig */;
			buildSettings = {
				ASSETCATALOG_COMPILER_APPICON_NAME = AppIcon;
				INFOPLIST_FILE = EventLocator/Info.plist;
				IPHONEOS_DEPLOYMENT_TARGET = 10.1;
				LD_RUNPATH_SEARCH_PATHS = "$(inherited) @executable_path/Frameworks";
				PRODUCT_BUNDLE_IDENTIFIER = WilliamPoole.EventLocator;
				PRODUCT_NAME = "$(TARGET_NAME)";
				SWIFT_SWIFT3_OBJC_INFERENCE = Default;
				SWIFT_VERSION = 4.0;
			};
			name = Debug;
		};
		A451200120A658380046ECFC /* Release */ = {
			isa = XCBuildConfiguration;
			baseConfigurationReference = AADBA8F175117CDB2B437239 /* Pods-EventLocator.release.xcconfig */;
			buildSettings = {
				ASSETCATALOG_COMPILER_APPICON_NAME = AppIcon;
				INFOPLIST_FILE = EventLocator/Info.plist;
				IPHONEOS_DEPLOYMENT_TARGET = 10.1;
				LD_RUNPATH_SEARCH_PATHS = "$(inherited) @executable_path/Frameworks";
				PRODUCT_BUNDLE_IDENTIFIER = WilliamPoole.EventLocator;
				PRODUCT_NAME = "$(TARGET_NAME)";
				SWIFT_SWIFT3_OBJC_INFERENCE = Default;
				SWIFT_VERSION = 4.0;
			};
			name = Release;
		};
		A451200320A658380046ECFC /* Debug */ = {
			isa = XCBuildConfiguration;
			baseConfigurationReference = D79F24A706B4589454B9260B /* Pods-EventLocatorTests.debug.xcconfig */;
			buildSettings = {
				ALWAYS_EMBED_SWIFT_STANDARD_LIBRARIES = YES;
				BUNDLE_LOADER = "$(TEST_HOST)";
				INFOPLIST_FILE = EventLocatorTests/Info.plist;
				LD_RUNPATH_SEARCH_PATHS = "$(inherited) @executable_path/Frameworks @loader_path/Frameworks";
				PRODUCT_BUNDLE_IDENTIFIER = WilliamPoole.EventLocatorTests;
				PRODUCT_NAME = "$(TARGET_NAME)";
				SWIFT_SWIFT3_OBJC_INFERENCE = On;
				SWIFT_VERSION = 4.0;
				TEST_HOST = "$(BUILT_PRODUCTS_DIR)/EventLocator.app/EventLocator";
			};
			name = Debug;
		};
		A451200420A658380046ECFC /* Release */ = {
			isa = XCBuildConfiguration;
			baseConfigurationReference = 5AC9B3A9595313B582F748F5 /* Pods-EventLocatorTests.release.xcconfig */;
			buildSettings = {
				ALWAYS_EMBED_SWIFT_STANDARD_LIBRARIES = YES;
				BUNDLE_LOADER = "$(TEST_HOST)";
				INFOPLIST_FILE = EventLocatorTests/Info.plist;
				LD_RUNPATH_SEARCH_PATHS = "$(inherited) @executable_path/Frameworks @loader_path/Frameworks";
				PRODUCT_BUNDLE_IDENTIFIER = WilliamPoole.EventLocatorTests;
				PRODUCT_NAME = "$(TARGET_NAME)";
				SWIFT_SWIFT3_OBJC_INFERENCE = On;
				SWIFT_VERSION = 4.0;
				TEST_HOST = "$(BUILT_PRODUCTS_DIR)/EventLocator.app/EventLocator";
			};
			name = Release;
		};
		A451200620A658380046ECFC /* Debug */ = {
			isa = XCBuildConfiguration;
			baseConfigurationReference = EC9EBFC75A28D48B1E823F9B /* Pods-EventLocatorUITests.debug.xcconfig */;
			buildSettings = {
				ALWAYS_EMBED_SWIFT_STANDARD_LIBRARIES = YES;
				INFOPLIST_FILE = EventLocatorUITests/Info.plist;
				LD_RUNPATH_SEARCH_PATHS = "$(inherited) @executable_path/Frameworks @loader_path/Frameworks";
				PRODUCT_BUNDLE_IDENTIFIER = WilliamPoole.EventLocatorUITests;
				PRODUCT_NAME = "$(TARGET_NAME)";
				SWIFT_SWIFT3_OBJC_INFERENCE = On;
				SWIFT_VERSION = 4.0;
				TEST_TARGET_NAME = EventLocator;
			};
			name = Debug;
		};
		A451200720A658380046ECFC /* Release */ = {
			isa = XCBuildConfiguration;
			baseConfigurationReference = 51B77D65A16E571F556E3612 /* Pods-EventLocatorUITests.release.xcconfig */;
			buildSettings = {
				ALWAYS_EMBED_SWIFT_STANDARD_LIBRARIES = YES;
				INFOPLIST_FILE = EventLocatorUITests/Info.plist;
				LD_RUNPATH_SEARCH_PATHS = "$(inherited) @executable_path/Frameworks @loader_path/Frameworks";
				PRODUCT_BUNDLE_IDENTIFIER = WilliamPoole.EventLocatorUITests;
				PRODUCT_NAME = "$(TARGET_NAME)";
				SWIFT_SWIFT3_OBJC_INFERENCE = On;
				SWIFT_VERSION = 4.0;
				TEST_TARGET_NAME = EventLocator;
			};
			name = Release;
		};
/* End XCBuildConfiguration section */

/* Begin XCConfigurationList section */
		A4511FCF20A658370046ECFC /* Build configuration list for PBXProject "EventLocator" */ = {
			isa = XCConfigurationList;
			buildConfigurations = (
				A4511FFD20A658380046ECFC /* Debug */,
				A4511FFE20A658380046ECFC /* Release */,
			);
			defaultConfigurationIsVisible = 0;
			defaultConfigurationName = Release;
		};
		A4511FFF20A658380046ECFC /* Build configuration list for PBXNativeTarget "EventLocator" */ = {
			isa = XCConfigurationList;
			buildConfigurations = (
				A451200020A658380046ECFC /* Debug */,
				A451200120A658380046ECFC /* Release */,
			);
			defaultConfigurationIsVisible = 0;
			defaultConfigurationName = Release;
		};
		A451200220A658380046ECFC /* Build configuration list for PBXNativeTarget "EventLocatorTests" */ = {
			isa = XCConfigurationList;
			buildConfigurations = (
				A451200320A658380046ECFC /* Debug */,
				A451200420A658380046ECFC /* Release */,
			);
			defaultConfigurationIsVisible = 0;
			defaultConfigurationName = Release;
		};
		A451200520A658380046ECFC /* Build configuration list for PBXNativeTarget "EventLocatorUITests" */ = {
			isa = XCConfigurationList;
			buildConfigurations = (
				A451200620A658380046ECFC /* Debug */,
				A451200720A658380046ECFC /* Release */,
			);
			defaultConfigurationIsVisible = 0;
			defaultConfigurationName = Release;
		};
/* End XCConfigurationList section */

/* Begin XCVersionGroup section */
		A4511FDE20A658380046ECFC /* EventLocator.xcdatamodeld */ = {
			isa = XCVersionGroup;
			children = (
				A4511FDF20A658380046ECFC /* EventLocator.xcdatamodel */,
			);
			currentVersion = A4511FDF20A658380046ECFC /* EventLocator.xcdatamodel */;
			path = EventLocator.xcdatamodeld;
			sourceTree = "<group>";
			versionGroupType = wrapper.xcdatamodel;
		};
/* End XCVersionGroup section */
	};
	rootObject = A4511FCC20A658370046ECFC /* Project object */;
}
